
Microsoft Visual Studio Solution File, Format Version 12.00
# Visual Studio Version 16
VisualStudioVersion = 16.0.30413.136
MinimumVisualStudioVersion = 10.0.40219.1
Project("{FAE04EC0-301F-11D3-BF4B-00C04F79EFBC}") = "vsHttpFunction", "vsHttpFunction.csproj", "{2EEF67B8-5C19-4438-A01B-17F752BF51A3}"
EndProject
Global
	GlobalSection(SolutionConfigurationPlatforms) = preSolution
		Debug|Any CPU = Debug|Any CPU
		Release|Any CPU = Release|Any CPU
	EndGlobalSection
	GlobalSection(ProjectConfigurationPlatforms) = postSolution
		{2EEF67B8-5C19-4438-A01B-17F752BF51A3}.Debug|Any CPU.ActiveCfg = Debug|Any CPU
		{2EEF67B8-5C19-4438-A01B-17F752BF51A3}.Debug|Any CPU.Build.0 = Debug|Any CPU
		{2EEF67B8-5C19-4438-A01B-17F752BF51A3}.Release|Any CPU.ActiveCfg = Release|Any CPU
		{2EEF67B8-5C19-4438-A01B-17F752BF51A3}.Release|Any CPU.Build.0 = Release|Any CPU
	EndGlobalSection
	GlobalSection(SolutionProperties) = preSolution
		HideSolutionNode = FALSE
	EndGlobalSection
	GlobalSection(ExtensibilityGlobals) = postSolution
		SolutionGuid = {10602CEE-A9F5-4210-A065-B9F4BA09AE12}
	EndGlobalSection
EndGlobal
